
Microsoft Visual Studio Solution File, Format Version 12.00
# Visual Studio 15
VisualStudioVersion = 15.0.26430.14
MinimumVisualStudioVersion = 10.0.40219.1
Project("{D954291E-2A0B-460D-934E-DC6B0785DB48}") = "pruebaIOS", "pruebaIOS\pruebaIOS\pruebaIOS.shproj", "{2DDA0F6D-C01A-4E6F-8E3E-18C5D1028406}"
EndProject
Project("{FAE04EC0-301F-11D3-BF4B-00C04F79EFBC}") = "pruebaIOS.Android", "pruebaIOS\pruebaIOS.Android\pruebaIOS.Android.csproj", "{055D69B0-BB4F-49C9-B7F0-F4A1428A3184}"
EndProject
Project("{FAE04EC0-301F-11D3-BF4B-00C04F79EFBC}") = "pruebaIOS.iOS", "pruebaIOS\pruebaIOS.iOS\pruebaIOS.iOS.csproj", "{84EAEA8A-1F48-44B5-B320-4C3F574BC1C5}"
EndProject
Project("{FAE04EC0-301F-11D3-BF4B-00C04F79EFBC}") = "pruebaIOS.UWP", "pruebaIOS\pruebaIOS.UWP\pruebaIOS.UWP.csproj", "{6788E3BB-EE96-445E-BC34-EF57D8BE4FB8}"
EndProject
Global
	GlobalSection(SharedMSBuildProjectFiles) = preSolution
		pruebaIOS\pruebaIOS\pruebaIOS.projitems*{055d69b0-bb4f-49c9-b7f0-f4a1428a3184}*SharedItemsImports = 4
		pruebaIOS\pruebaIOS\pruebaIOS.projitems*{2dda0f6d-c01a-4e6f-8e3e-18c5d1028406}*SharedItemsImports = 13
		pruebaIOS\pruebaIOS\pruebaIOS.projitems*{84eaea8a-1f48-44b5-b320-4c3f574bc1c5}*SharedItemsImports = 4
	EndGlobalSection
	GlobalSection(SolutionConfigurationPlatforms) = preSolution
		Ad-Hoc|Any CPU = Ad-Hoc|Any CPU
		Ad-Hoc|ARM = Ad-Hoc|ARM
		Ad-Hoc|iPhone = Ad-Hoc|iPhone
		Ad-Hoc|iPhoneSimulator = Ad-Hoc|iPhoneSimulator
		Ad-Hoc|x64 = Ad-Hoc|x64
		Ad-Hoc|x86 = Ad-Hoc|x86
		AppStore|Any CPU = AppStore|Any CPU
		AppStore|ARM = AppStore|ARM
		AppStore|iPhone = AppStore|iPhone
		AppStore|iPhoneSimulator = AppStore|iPhoneSimulator
		AppStore|x64 = AppStore|x64
		AppStore|x86 = AppStore|x86
		Debug|Any CPU = Debug|Any CPU
		Debug|ARM = Debug|ARM
		Debug|iPhone = Debug|iPhone
		Debug|iPhoneSimulator = Debug|iPhoneSimulator
		Debug|x64 = Debug|x64
		Debug|x86 = Debug|x86
		Release|Any CPU = Release|Any CPU
		Release|ARM = Release|ARM
		Release|iPhone = Release|iPhone
		Release|iPhoneSimulator = Release|iPhoneSimulator
		Release|x64 = Release|x64
		Release|x86 = Release|x86
	EndGlobalSection
	GlobalSection(ProjectConfigurationPlatforms) = postSolution
		{055D69B0-BB4F-49C9-B7F0-F4A1428A3184}.Ad-Hoc|Any CPU.ActiveCfg = Release|Any CPU
		{055D69B0-BB4F-49C9-B7F0-F4A1428A3184}.Ad-Hoc|Any CPU.Build.0 = Release|Any CPU
		{055D69B0-BB4F-49C9-B7F0-F4A1428A3184}.Ad-Hoc|Any CPU.Deploy.0 = Release|Any CPU
		{055D69B0-BB4F-49C9-B7F0-F4A1428A3184}.Ad-Hoc|ARM.ActiveCfg = Release|Any CPU
		{055D69B0-BB4F-49C9-B7F0-F4A1428A3184}.Ad-Hoc|ARM.Build.0 = Release|Any CPU
		{055D69B0-BB4F-49C9-B7F0-F4A1428A3184}.Ad-Hoc|ARM.Deploy.0 = Release|Any CPU
		{055D69B0-BB4F-49C9-B7F0-F4A1428A3184}.Ad-Hoc|iPhone.ActiveCfg = Release|Any CPU
		{055D69B0-BB4F-49C9-B7F0-F4A1428A3184}.Ad-Hoc|iPhone.Build.0 = Release|Any CPU
		{055D69B0-BB4F-49C9-B7F0-F4A1428A3184}.Ad-Hoc|iPhone.Deploy.0 = Release|Any CPU
		{055D69B0-BB4F-49C9-B7F0-F4A1428A3184}.Ad-Hoc|iPhoneSimulator.ActiveCfg = Release|Any CPU
		{055D69B0-BB4F-49C9-B7F0-F4A1428A3184}.Ad-Hoc|iPhoneSimulator.Build.0 = Release|Any CPU
		{055D69B0-BB4F-49C9-B7F0-F4A1428A3184}.Ad-Hoc|iPhoneSimulator.Deploy.0 = Release|Any CPU
		{055D69B0-BB4F-49C9-B7F0-F4A1428A3184}.Ad-Hoc|x64.ActiveCfg = Release|Any CPU
		{055D69B0-BB4F-49C9-B7F0-F4A1428A3184}.Ad-Hoc|x64.Build.0 = Release|Any CPU
		{055D69B0-BB4F-49C9-B7F0-F4A1428A3184}.Ad-Hoc|x64.Deploy.0 = Release|Any CPU
		{055D69B0-BB4F-49C9-B7F0-F4A1428A3184}.Ad-Hoc|x86.ActiveCfg = Release|Any CPU
		{055D69B0-BB4F-49C9-B7F0-F4A1428A3184}.Ad-Hoc|x86.Build.0 = Release|Any CPU
		{055D69B0-BB4F-49C9-B7F0-F4A1428A3184}.Ad-Hoc|x86.Deploy.0 = Release|Any CPU
		{055D69B0-BB4F-49C9-B7F0-F4A1428A3184}.AppStore|Any CPU.ActiveCfg = Release|Any CPU
		{055D69B0-BB4F-49C9-B7F0-F4A1428A3184}.AppStore|Any CPU.Build.0 = Release|Any CPU
		{055D69B0-BB4F-49C9-B7F0-F4A1428A3184}.AppStore|Any CPU.Deploy.0 = Release|Any CPU
		{055D69B0-BB4F-49C9-B7F0-F4A1428A3184}.AppStore|ARM.ActiveCfg = Release|Any CPU
		{055D69B0-BB4F-49C9-B7F0-F4A1428A3184}.AppStore|ARM.Build.0 = Release|Any CPU
		{055D69B0-BB4F-49C9-B7F0-F4A1428A3184}.AppStore|ARM.Deploy.0 = Release|Any CPU
		{055D69B0-BB4F-49C9-B7F0-F4A1428A3184}.AppStore|iPhone.ActiveCfg = Release|Any CPU
		{055D69B0-BB4F-49C9-B7F0-F4A1428A3184}.AppStore|iPhone.Build.0 = Release|Any CPU
		{055D69B0-BB4F-49C9-B7F0-F4A1428A3184}.AppStore|iPhone.Deploy.0 = Release|Any CPU
		{055D69B0-BB4F-49C9-B7F0-F4A1428A3184}.AppStore|iPhoneSimulator.ActiveCfg = Release|Any CPU
		{055D69B0-BB4F-49C9-B7F0-F4A1428A3184}.AppStore|iPhoneSimulator.Build.0 = Release|Any CPU
		{055D69B0-BB4F-49C9-B7F0-F4A1428A3184}.AppStore|iPhoneSimulator.Deploy.0 = Release|Any CPU
		{055D69B0-BB4F-49C9-B7F0-F4A1428A3184}.AppStore|x64.ActiveCfg = Release|Any CPU
		{055D69B0-BB4F-49C9-B7F0-F4A1428A3184}.AppStore|x64.Build.0 = Release|Any CPU
		{055D69B0-BB4F-49C9-B7F0-F4A1428A3184}.AppStore|x64.Deploy.0 = Release|Any CPU
		{055D69B0-BB4F-49C9-B7F0-F4A1428A3184}.AppStore|x86.ActiveCfg = Release|Any CPU
		{055D69B0-BB4F-49C9-B7F0-F4A1428A3184}.AppStore|x86.Build.0 = Release|Any CPU
		{055D69B0-BB4F-49C9-B7F0-F4A1428A3184}.AppStore|x86.Deploy.0 = Release|Any CPU
		{055D69B0-BB4F-49C9-B7F0-F4A1428A3184}.Debug|Any CPU.ActiveCfg = Debug|Any CPU
		{055D69B0-BB4F-49C9-B7F0-F4A1428A3184}.Debug|Any CPU.Build.0 = Debug|Any CPU
		{055D69B0-BB4F-49C9-B7F0-F4A1428A3184}.Debug|Any CPU.Deploy.0 = Debug|Any CPU
		{055D69B0-BB4F-49C9-B7F0-F4A1428A3184}.Debug|ARM.ActiveCfg = Debug|Any CPU
		{055D69B0-BB4F-49C9-B7F0-F4A1428A3184}.Debug|ARM.Build.0 = Debug|Any CPU
		{055D69B0-BB4F-49C9-B7F0-F4A1428A3184}.Debug|ARM.Deploy.0 = Debug|Any CPU
		{055D69B0-BB4F-49C9-B7F0-F4A1428A3184}.Debug|iPhone.ActiveCfg = Debug|Any CPU
		{055D69B0-BB4F-49C9-B7F0-F4A1428A3184}.Debug|iPhone.Build.0 = Debug|Any CPU
		{055D69B0-BB4F-49C9-B7F0-F4A1428A3184}.Debug|iPhone.Deploy.0 = Debug|Any CPU
		{055D69B0-BB4F-49C9-B7F0-F4A1428A3184}.Debug|iPhoneSimulator.ActiveCfg = Debug|Any CPU
		{055D69B0-BB4F-49C9-B7F0-F4A1428A3184}.Debug|iPhoneSimulator.Build.0 = Debug|Any CPU
		{055D69B0-BB4F-49C9-B7F0-F4A1428A3184}.Debug|iPhoneSimulator.Deploy.0 = Debug|Any CPU
		{055D69B0-BB4F-49C9-B7F0-F4A1428A3184}.Debug|x64.ActiveCfg = Debug|Any CPU
		{055D69B0-BB4F-49C9-B7F0-F4A1428A3184}.Debug|x64.Build.0 = Debug|Any CPU
		{055D69B0-BB4F-49C9-B7F0-F4A1428A3184}.Debug|x64.Deploy.0 = Debug|Any CPU
		{055D69B0-BB4F-49C9-B7F0-F4A1428A3184}.Debug|x86.ActiveCfg = Debug|Any CPU
		{055D69B0-BB4F-49C9-B7F0-F4A1428A3184}.Debug|x86.Build.0 = Debug|Any CPU
		{055D69B0-BB4F-49C9-B7F0-F4A1428A3184}.Debug|x86.Deploy.0 = Debug|Any CPU
		{055D69B0-BB4F-49C9-B7F0-F4A1428A3184}.Release|Any CPU.ActiveCfg = Release|Any CPU
		{055D69B0-BB4F-49C9-B7F0-F4A1428A3184}.Release|Any CPU.Build.0 = Release|Any CPU
		{055D69B0-BB4F-49C9-B7F0-F4A1428A3184}.Release|Any CPU.Deploy.0 = Release|Any CPU
		{055D69B0-BB4F-49C9-B7F0-F4A1428A3184}.Release|ARM.ActiveCfg = Release|Any CPU
		{055D69B0-BB4F-49C9-B7F0-F4A1428A3184}.Release|ARM.Build.0 = Release|Any CPU
		{055D69B0-BB4F-49C9-B7F0-F4A1428A3184}.Release|ARM.Deploy.0 = Release|Any CPU
		{055D69B0-BB4F-49C9-B7F0-F4A1428A3184}.Release|iPhone.ActiveCfg = Release|Any CPU
		{055D69B0-BB4F-49C9-B7F0-F4A1428A3184}.Release|iPhone.Build.0 = Release|Any CPU
		{055D69B0-BB4F-49C9-B7F0-F4A1428A3184}.Release|iPhone.Deploy.0 = Release|Any CPU
		{055D69B0-BB4F-49C9-B7F0-F4A1428A3184}.Release|iPhoneSimulator.ActiveCfg = Release|Any CPU
		{055D69B0-BB4F-49C9-B7F0-F4A1428A3184}.Release|iPhoneSimulator.Build.0 = Release|Any CPU
		{055D69B0-BB4F-49C9-B7F0-F4A1428A3184}.Release|iPhoneSimulator.Deploy.0 = Release|Any CPU
		{055D69B0-BB4F-49C9-B7F0-F4A1428A3184}.Release|x64.ActiveCfg = Release|Any CPU
		{055D69B0-BB4F-49C9-B7F0-F4A1428A3184}.Release|x64.Build.0 = Release|Any CPU
		{055D69B0-BB4F-49C9-B7F0-F4A1428A3184}.Release|x64.Deploy.0 = Release|Any CPU
		{055D69B0-BB4F-49C9-B7F0-F4A1428A3184}.Release|x86.ActiveCfg = Release|Any CPU
		{055D69B0-BB4F-49C9-B7F0-F4A1428A3184}.Release|x86.Build.0 = Release|Any CPU
		{055D69B0-BB4F-49C9-B7F0-F4A1428A3184}.Release|x86.Deploy.0 = Release|Any CPU
		{84EAEA8A-1F48-44B5-B320-4C3F574BC1C5}.Ad-Hoc|Any CPU.ActiveCfg = Ad-Hoc|iPhone
		{84EAEA8A-1F48-44B5-B320-4C3F574BC1C5}.Ad-Hoc|ARM.ActiveCfg = Ad-Hoc|iPhone
		{84EAEA8A-1F48-44B5-B320-4C3F574BC1C5}.Ad-Hoc|iPhone.ActiveCfg = Ad-Hoc|iPhone
		{84EAEA8A-1F48-44B5-B320-4C3F574BC1C5}.Ad-Hoc|iPhone.Build.0 = Ad-Hoc|iPhone
		{84EAEA8A-1F48-44B5-B320-4C3F574BC1C5}.Ad-Hoc|iPhoneSimulator.ActiveCfg = Ad-Hoc|iPhoneSimulator
		{84EAEA8A-1F48-44B5-B320-4C3F574BC1C5}.Ad-Hoc|iPhoneSimulator.Build.0 = Ad-Hoc|iPhoneSimulator
		{84EAEA8A-1F48-44B5-B320-4C3F574BC1C5}.Ad-Hoc|x64.ActiveCfg = Ad-Hoc|iPhone
		{84EAEA8A-1F48-44B5-B320-4C3F574BC1C5}.Ad-Hoc|x86.ActiveCfg = Ad-Hoc|iPhone
		{84EAEA8A-1F48-44B5-B320-4C3F574BC1C5}.AppStore|Any CPU.ActiveCfg = AppStore|iPhone
		{84EAEA8A-1F48-44B5-B320-4C3F574BC1C5}.AppStore|ARM.ActiveCfg = AppStore|iPhone
		{84EAEA8A-1F48-44B5-B320-4C3F574BC1C5}.AppStore|iPhone.ActiveCfg = AppStore|iPhone
		{84EAEA8A-1F48-44B5-B320-4C3F574BC1C5}.AppStore|iPhone.Build.0 = AppStore|iPhone
		{84EAEA8A-1F48-44B5-B320-4C3F574BC1C5}.AppStore|iPhoneSimulator.ActiveCfg = AppStore|iPhoneSimulator
		{84EAEA8A-1F48-44B5-B320-4C3F574BC1C5}.AppStore|iPhoneSimulator.Build.0 = AppStore|iPhoneSimulator
		{84EAEA8A-1F48-44B5-B320-4C3F574BC1C5}.AppStore|x64.ActiveCfg = AppStore|iPhone
		{84EAEA8A-1F48-44B5-B320-4C3F574BC1C5}.AppStore|x86.ActiveCfg = AppStore|iPhone
		{84EAEA8A-1F48-44B5-B320-4C3F574BC1C5}.Debug|Any CPU.ActiveCfg = Debug|iPhone
		{84EAEA8A-1F48-44B5-B320-4C3F574BC1C5}.Debug|ARM.ActiveCfg = Debug|iPhone
		{84EAEA8A-1F48-44B5-B320-4C3F574BC1C5}.Debug|iPhone.ActiveCfg = Debug|iPhone
		{84EAEA8A-1F48-44B5-B320-4C3F574BC1C5}.Debug|iPhone.Build.0 = Debug|iPhone
		{84EAEA8A-1F48-44B5-B320-4C3F574BC1C5}.Debug|iPhoneSimulator.ActiveCfg = Debug|iPhoneSimulator
		{84EAEA8A-1F48-44B5-B320-4C3F574BC1C5}.Debug|iPhoneSimulator.Build.0 = Debug|iPhoneSimulator
		{84EAEA8A-1F48-44B5-B320-4C3F574BC1C5}.Debug|x64.ActiveCfg = Debug|iPhone
		{84EAEA8A-1F48-44B5-B320-4C3F574BC1C5}.Debug|x86.ActiveCfg = Debug|iPhone
		{84EAEA8A-1F48-44B5-B320-4C3F574BC1C5}.Release|Any CPU.ActiveCfg = Release|iPhone
		{84EAEA8A-1F48-44B5-B320-4C3F574BC1C5}.Release|ARM.ActiveCfg = Release|iPhone
		{84EAEA8A-1F48-44B5-B320-4C3F574BC1C5}.Release|iPhone.ActiveCfg = Release|iPhone
		{84EAEA8A-1F48-44B5-B320-4C3F574BC1C5}.Release|iPhone.Build.0 = Release|iPhone
		{84EAEA8A-1F48-44B5-B320-4C3F574BC1C5}.Release|iPhoneSimulator.ActiveCfg = Release|iPhoneSimulator
		{84EAEA8A-1F48-44B5-B320-4C3F574BC1C5}.Release|iPhoneSimulator.Build.0 = Release|iPhoneSimulator
		{84EAEA8A-1F48-44B5-B320-4C3F574BC1C5}.Release|x64.ActiveCfg = Release|iPhone
		{84EAEA8A-1F48-44B5-B320-4C3F574BC1C5}.Release|x86.ActiveCfg = Release|iPhone
		{6788E3BB-EE96-445E-BC34-EF57D8BE4FB8}.Ad-Hoc|Any CPU.ActiveCfg = Release|x86
		{6788E3BB-EE96-445E-BC34-EF57D8BE4FB8}.Ad-Hoc|Any CPU.Build.0 = Release|x86
		{6788E3BB-EE96-445E-BC34-EF57D8BE4FB8}.Ad-Hoc|Any CPU.Deploy.0 = Release|x86
		{6788E3BB-EE96-445E-BC34-EF57D8BE4FB8}.Ad-Hoc|ARM.ActiveCfg = Release|ARM
		{6788E3BB-EE96-445E-BC34-EF57D8BE4FB8}.Ad-Hoc|ARM.Build.0 = Release|ARM
		{6788E3BB-EE96-445E-BC34-EF57D8BE4FB8}.Ad-Hoc|ARM.Deploy.0 = Release|ARM
		{6788E3BB-EE96-445E-BC34-EF57D8BE4FB8}.Ad-Hoc|iPhone.ActiveCfg = Release|x86
		{6788E3BB-EE96-445E-BC34-EF57D8BE4FB8}.Ad-Hoc|iPhone.Build.0 = Release|x86
		{6788E3BB-EE96-445E-BC34-EF57D8BE4FB8}.Ad-Hoc|iPhone.Deploy.0 = Release|x86
		{6788E3BB-EE96-445E-BC34-EF57D8BE4FB8}.Ad-Hoc|iPhoneSimulator.ActiveCfg = Release|x86
		{6788E3BB-EE96-445E-BC34-EF57D8BE4FB8}.Ad-Hoc|iPhoneSimulator.Build.0 = Release|x86
		{6788E3BB-EE96-445E-BC34-EF57D8BE4FB8}.Ad-Hoc|iPhoneSimulator.Deploy.0 = Release|x86
		{6788E3BB-EE96-445E-BC34-EF57D8BE4FB8}.Ad-Hoc|x64.ActiveCfg = Release|x64
		{6788E3BB-EE96-445E-BC34-EF57D8BE4FB8}.Ad-Hoc|x64.Build.0 = Release|x64
		{6788E3BB-EE96-445E-BC34-EF57D8BE4FB8}.Ad-Hoc|x64.Deploy.0 = Release|x64
		{6788E3BB-EE96-445E-BC34-EF57D8BE4FB8}.Ad-Hoc|x86.ActiveCfg = Release|x86
		{6788E3BB-EE96-445E-BC34-EF57D8BE4FB8}.Ad-Hoc|x86.Build.0 = Release|x86
		{6788E3BB-EE96-445E-BC34-EF57D8BE4FB8}.Ad-Hoc|x86.Deploy.0 = Release|x86
		{6788E3BB-EE96-445E-BC34-EF57D8BE4FB8}.AppStore|Any CPU.ActiveCfg = Release|x86
		{6788E3BB-EE96-445E-BC34-EF57D8BE4FB8}.AppStore|Any CPU.Build.0 = Release|x86
		{6788E3BB-EE96-445E-BC34-EF57D8BE4FB8}.AppStore|Any CPU.Deploy.0 = Release|x86
		{6788E3BB-EE96-445E-BC34-EF57D8BE4FB8}.AppStore|ARM.ActiveCfg = Release|ARM
		{6788E3BB-EE96-445E-BC34-EF57D8BE4FB8}.AppStore|ARM.Build.0 = Release|ARM
		{6788E3BB-EE96-445E-BC34-EF57D8BE4FB8}.AppStore|ARM.Deploy.0 = Release|ARM
		{6788E3BB-EE96-445E-BC34-EF57D8BE4FB8}.AppStore|iPhone.ActiveCfg = Release|x86
		{6788E3BB-EE96-445E-BC34-EF57D8BE4FB8}.AppStore|iPhone.Build.0 = Release|x86
		{6788E3BB-EE96-445E-BC34-EF57D8BE4FB8}.AppStore|iPhone.Deploy.0 = Release|x86
		{6788E3BB-EE96-445E-BC34-EF57D8BE4FB8}.AppStore|iPhoneSimulator.ActiveCfg = Release|x86
		{6788E3BB-EE96-445E-BC34-EF57D8BE4FB8}.AppStore|iPhoneSimulator.Build.0 = Release|x86
		{6788E3BB-EE96-445E-BC34-EF57D8BE4FB8}.AppStore|iPhoneSimulator.Deploy.0 = Release|x86
		{6788E3BB-EE96-445E-BC34-EF57D8BE4FB8}.AppStore|x64.ActiveCfg = Release|x64
		{6788E3BB-EE96-445E-BC34-EF57D8BE4FB8}.AppStore|x64.Build.0 = Release|x64
		{6788E3BB-EE96-445E-BC34-EF57D8BE4FB8}.AppStore|x64.Deploy.0 = Release|x64
		{6788E3BB-EE96-445E-BC34-EF57D8BE4FB8}.AppStore|x86.ActiveCfg = Release|x86
		{6788E3BB-EE96-445E-BC34-EF57D8BE4FB8}.AppStore|x86.Build.0 = Release|x86
		{6788E3BB-EE96-445E-BC34-EF57D8BE4FB8}.AppStore|x86.Deploy.0 = Release|x86
		{6788E3BB-EE96-445E-BC34-EF57D8BE4FB8}.Debug|Any CPU.ActiveCfg = Debug|x86
		{6788E3BB-EE96-445E-BC34-EF57D8BE4FB8}.Debug|ARM.ActiveCfg = Debug|ARM
		{6788E3BB-EE96-445E-BC34-EF57D8BE4FB8}.Debug|ARM.Build.0 = Debug|ARM
		{6788E3BB-EE96-445E-BC34-EF57D8BE4FB8}.Debug|ARM.Deploy.0 = Debug|ARM
		{6788E3BB-EE96-445E-BC34-EF57D8BE4FB8}.Debug|iPhone.ActiveCfg = Debug|x86
		{6788E3BB-EE96-445E-BC34-EF57D8BE4FB8}.Debug|iPhoneSimulator.ActiveCfg = Debug|x86
		{6788E3BB-EE96-445E-BC34-EF57D8BE4FB8}.Debug|x64.ActiveCfg = Debug|x64
		{6788E3BB-EE96-445E-BC34-EF57D8BE4FB8}.Debug|x64.Build.0 = Debug|x64
		{6788E3BB-EE96-445E-BC34-EF57D8BE4FB8}.Debug|x64.Deploy.0 = Debug|x64
		{6788E3BB-EE96-445E-BC34-EF57D8BE4FB8}.Debug|x86.ActiveCfg = Debug|x86
		{6788E3BB-EE96-445E-BC34-EF57D8BE4FB8}.Debug|x86.Build.0 = Debug|x86
		{6788E3BB-EE96-445E-BC34-EF57D8BE4FB8}.Debug|x86.Deploy.0 = Debug|x86
		{6788E3BB-EE96-445E-BC34-EF57D8BE4FB8}.Release|Any CPU.ActiveCfg = Release|x86
		{6788E3BB-EE96-445E-BC34-EF57D8BE4FB8}.Release|ARM.ActiveCfg = Release|ARM
		{6788E3BB-EE96-445E-BC34-EF57D8BE4FB8}.Release|ARM.Build.0 = Release|ARM
		{6788E3BB-EE96-445E-BC34-EF57D8BE4FB8}.Release|ARM.Deploy.0 = Release|ARM
		{6788E3BB-EE96-445E-BC34-EF57D8BE4FB8}.Release|iPhone.ActiveCfg = Release|x86
		{6788E3BB-EE96-445E-BC34-EF57D8BE4FB8}.Release|iPhoneSimulator.ActiveCfg = Release|x86
		{6788E3BB-EE96-445E-BC34-EF57D8BE4FB8}.Release|x64.ActiveCfg = Release|x64
		{6788E3BB-EE96-445E-BC34-EF57D8BE4FB8}.Release|x64.Build.0 = Release|x64
		{6788E3BB-EE96-445E-BC34-EF57D8BE4FB8}.Release|x64.Deploy.0 = Release|x64
		{6788E3BB-EE96-445E-BC34-EF57D8BE4FB8}.Release|x86.ActiveCfg = Release|x86
		{6788E3BB-EE96-445E-BC34-EF57D8BE4FB8}.Release|x86.Build.0 = Release|x86
		{6788E3BB-EE96-445E-BC34-EF57D8BE4FB8}.Release|x86.Deploy.0 = Release|x86
	EndGlobalSection
	GlobalSection(SolutionProperties) = preSolution
		HideSolutionNode = FALSE
	EndGlobalSection
EndGlobal
